// !$*UTF8*$!
{
	archiveVersion = 1;
	classes = {
	};
	objectVersion = 46;
	objects = {

/* Begin PBXBuildFile section */
		54A5A9751DA3A3100043D05A /* AppDelegate.swift in Sources */ = {isa = PBXBuildFile; fileRef = 54A5A9741DA3A3100043D05A /* AppDelegate.swift */; };
		54A5A9771DA3A3100043D05A /* ViewController.swift in Sources */ = {isa = PBXBuildFile; fileRef = 54A5A9761DA3A3100043D05A /* ViewController.swift */; };
		54A5A97A1DA3A3100043D05A /* Main.storyboard in Resources */ = {isa = PBXBuildFile; fileRef = 54A5A9781DA3A3100043D05A /* Main.storyboard */; };
		54A5A97C1DA3A3110043D05A /* Assets.xcassets in Resources */ = {isa = PBXBuildFile; fileRef = 54A5A97B1DA3A3110043D05A /* Assets.xcassets */; };
		54A5A97F1DA3A3110043D05A /* LaunchScreen.storyboard in Resources */ = {isa = PBXBuildFile; fileRef = 54A5A97D1DA3A3110043D05A /* LaunchScreen.storyboard */; };
		54A5A98A1DA3A3110043D05A /* firstappTests.swift in Sources */ = {isa = PBXBuildFile; fileRef = 54A5A9891DA3A3110043D05A /* firstappTests.swift */; };
		54A5A9951DA3A3110043D05A /* firstappUITests.swift in Sources */ = {isa = PBXBuildFile; fileRef = 54A5A9941DA3A3110043D05A /* firstappUITests.swift */; };
/* End PBXBuildFile section */

/* Begin PBXContainerItemProxy section */
		54A5A9861DA3A3110043D05A /* PBXContainerItemProxy */ = {
			isa = PBXContainerItemProxy;
			containerPortal = 54A5A9691DA3A3100043D05A /* Project object */;
			proxyType = 1;
			remoteGlobalIDString = 54A5A9701DA3A3100043D05A;
			remoteInfo = firstapp;
		};
		54A5A9911DA3A3110043D05A /* PBXContainerItemProxy */ = {
			isa = PBXContainerItemProxy;
			containerPortal = 54A5A9691DA3A3100043D05A /* Project object */;
			proxyType = 1;
			remoteGlobalIDString = 54A5A9701DA3A3100043D05A;
			remoteInfo = firstapp;
		};
/* End PBXContainerItemProxy section */

/* Begin PBXFileReference section */
		54A5A9711DA3A3100043D05A /* firstapp.app */ = {isa = PBXFileReference; explicitFileType = wrapper.application; includeInIndex = 0; path = firstapp.app; sourceTree = BUILT_PRODUCTS_DIR; };
		54A5A9741DA3A3100043D05A /* AppDelegate.swift */ = {isa = PBXFileReference; lastKnownFileType = sourcecode.swift; path = AppDelegate.swift; sourceTree = "<group>"; };
		54A5A9761DA3A3100043D05A /* ViewController.swift */ = {isa = PBXFileReference; lastKnownFileType = sourcecode.swift; path = ViewController.swift; sourceTree = "<group>"; };
		54A5A9791DA3A3100043D05A /* Base */ = {isa = PBXFileReference; lastKnownFileType = file.storyboard; name = Base; path = Base.lproj/Main.storyboard; sourceTree = "<group>"; };
		54A5A97B1DA3A3110043D05A /* Assets.xcassets */ = {isa = PBXFileReference; lastKnownFileType = folder.assetcatalog; path = Assets.xcassets; sourceTree = "<group>"; };
		54A5A97E1DA3A3110043D05A /* Base */ = {isa = PBXFileReference; lastKnownFileType = file.storyboard; name = Base; path = Base.lproj/LaunchScreen.storyboard; sourceTree = "<group>"; };
		54A5A9801DA3A3110043D05A /* Info.plist */ = {isa = PBXFileReference; lastKnownFileType = text.plist.xml; path = Info.plist; sourceTree = "<group>"; };
		54A5A9851DA3A3110043D05A /* firstappTests.xctest */ = {isa = PBXFileReference; explicitFileType = wrapper.cfbundle; includeInIndex = 0; path = firstappTests.xctest; sourceTree = BUILT_PRODUCTS_DIR; };
		54A5A9891DA3A3110043D05A /* firstappTests.swift */ = {isa = PBXFileReference; lastKnownFileType = sourcecode.swift; path = firstappTests.swift; sourceTree = "<group>"; };
		54A5A98B1DA3A3110043D05A /* Info.plist */ = {isa = PBXFileReference; lastKnownFileType = text.plist.xml; path = Info.plist; sourceTree = "<group>"; };
		54A5A9901DA3A3110043D05A /* firstappUITests.xctest */ = {isa = PBXFileReference; explicitFileType = wrapper.cfbundle; includeInIndex = 0; path = firstappUITests.xctest; sourceTree = BUILT_PRODUCTS_DIR; };
		54A5A9941DA3A3110043D05A /* firstappUITests.swift */ = {isa = PBXFileReference; lastKnownFileType = sourcecode.swift; path = firstappUITests.swift; sourceTree = "<group>"; };
		54A5A9961DA3A3110043D05A /* Info.plist */ = {isa = PBXFileReference; lastKnownFileType = text.plist.xml; path = Info.plist; sourceTree = "<group>"; };
/* End PBXFileReference section */

/* Begin PBXFrameworksBuildPhase section */
		54A5A96E1DA3A3100043D05A /* Frameworks */ = {
			isa = PBXFrameworksBuildPhase;
			buildActionMask = 2147483647;
			files = (
			);
			runOnlyForDeploymentPostprocessing = 0;
		};
		54A5A9821DA3A3110043D05A /* Frameworks */ = {
			isa = PBXFrameworksBuildPhase;
			buildActionMask = 2147483647;
			files = (
			);
			runOnlyForDeploymentPostprocessing = 0;
		};
		54A5A98D1DA3A3110043D05A /* Frameworks */ = {
			isa = PBXFrameworksBuildPhase;
			buildActionMask = 2147483647;
			files = (
			);
			runOnlyForDeploymentPostprocessing = 0;
		};
/* End PBXFrameworksBuildPhase section */

/* Begin PBXGroup section */
		54A5A9681DA3A3100043D05A = {
			isa = PBXGroup;
			children = (
				54A5A9731DA3A3100043D05A /* firstapp */,
				54A5A9881DA3A3110043D05A /* firstappTests */,
				54A5A9931DA3A3110043D05A /* firstappUITests */,
				54A5A9721DA3A3100043D05A /* Products */,
			);
			sourceTree = "<group>";
		};
		54A5A9721DA3A3100043D05A /* Products */ = {
			isa = PBXGroup;
			children = (
				54A5A9711DA3A3100043D05A /* firstapp.app */,
				54A5A9851DA3A3110043D05A /* firstappTests.xctest */,
				54A5A9901DA3A3110043D05A /* firstappUITests.xctest */,
			);
			name = Products;
			sourceTree = "<group>";
		};
		54A5A9731DA3A3100043D05A /* firstapp */ = {
			isa = PBXGroup;
			children = (
				54A5A9741DA3A3100043D05A /* AppDelegate.swift */,
				54A5A9761DA3A3100043D05A /* ViewController.swift */,
				54A5A9781DA3A3100043D05A /* Main.storyboard */,
				54A5A97B1DA3A3110043D05A /* Assets.xcassets */,
				54A5A97D1DA3A3110043D05A /* LaunchScreen.storyboard */,
				54A5A9801DA3A3110043D05A /* Info.plist */,
			);
			path = firstapp;
			sourceTree = "<group>";
		};
		54A5A9881DA3A3110043D05A /* firstappTests */ = {
			isa = PBXGroup;
			children = (
				54A5A9891DA3A3110043D05A /* firstappTests.swift */,
				54A5A98B1DA3A3110043D05A /* Info.plist */,
			);
			path = firstappTests;
			sourceTree = "<group>";
		};
		54A5A9931DA3A3110043D05A /* firstappUITests */ = {
			isa = PBXGroup;
			children = (
				54A5A9941DA3A3110043D05A /* firstappUITests.swift */,
				54A5A9961DA3A3110043D05A /* Info.plist */,
			);
			path = firstappUITests;
			sourceTree = "<group>";
		};
/* End PBXGroup section */

/* Begin PBXNativeTarget section */
		54A5A9701DA3A3100043D05A /* firstapp */ = {
			isa = PBXNativeTarget;
			buildConfigurationList = 54A5A9991DA3A3110043D05A /* Build configuration list for PBXNativeTarget "firstapp" */;
			buildPhases = (
				54A5A96D1DA3A3100043D05A /* Sources */,
				54A5A96E1DA3A3100043D05A /* Frameworks */,
				54A5A96F1DA3A3100043D05A /* Resources */,
			);
			buildRules = (
			);
			dependencies = (
			);
			name = firstapp;
			productName = firstapp;
			productReference = 54A5A9711DA3A3100043D05A /* firstapp.app */;
			productType = "com.apple.product-type.application";
		};
		54A5A9841DA3A3110043D05A /* firstappTests */ = {
			isa = PBXNativeTarget;
			buildConfigurationList = 54A5A99C1DA3A3110043D05A /* Build configuration list for PBXNativeTarget "firstappTests" */;
			buildPhases = (
				54A5A9811DA3A3110043D05A /* Sources */,
				54A5A9821DA3A3110043D05A /* Frameworks */,
				54A5A9831DA3A3110043D05A /* Resources */,
			);
			buildRules = (
			);
			dependencies = (
				54A5A9871DA3A3110043D05A /* PBXTargetDependency */,
			);
			name = firstappTests;
			productName = firstappTests;
			productReference = 54A5A9851DA3A3110043D05A /* firstappTests.xctest */;
			productType = "com.apple.product-type.bundle.unit-test";
		};
		54A5A98F1DA3A3110043D05A /* firstappUITests */ = {
			isa = PBXNativeTarget;
			buildConfigurationList = 54A5A99F1DA3A3110043D05A /* Build configuration list for PBXNativeTarget "firstappUITests" */;
			buildPhases = (
				54A5A98C1DA3A3110043D05A /* Sources */,
				54A5A98D1DA3A3110043D05A /* Frameworks */,
				54A5A98E1DA3A3110043D05A /* Resources */,
			);
			buildRules = (
			);
			dependencies = (
				54A5A9921DA3A3110043D05A /* PBXTargetDependency */,
			);
			name = firstappUITests;
			productName = firstappUITests;
			productReference = 54A5A9901DA3A3110043D05A /* firstappUITests.xctest */;
			productType = "com.apple.product-type.bundle.ui-testing";
		};
/* End PBXNativeTarget section */

/* Begin PBXProject section */
		54A5A9691DA3A3100043D05A /* Project object */ = {
			isa = PBXProject;
			attributes = {
				LastSwiftUpdateCheck = 0730;
				LastUpgradeCheck = 0730;
				ORGANIZATIONNAME = pipinosuke;
				TargetAttributes = {
					54A5A9701DA3A3100043D05A = {
						CreatedOnToolsVersion = 7.3.1;
					};
					54A5A9841DA3A3110043D05A = {
						CreatedOnToolsVersion = 7.3.1;
						TestTargetID = 54A5A9701DA3A3100043D05A;
					};
					54A5A98F1DA3A3110043D05A = {
						CreatedOnToolsVersion = 7.3.1;
						TestTargetID = 54A5A9701DA3A3100043D05A;
					};
				};
			};
			buildConfigurationList = 54A5A96C1DA3A3100043D05A /* Build configuration list for PBXProject "firstapp" */;
			compatibilityVersion = "Xcode 3.2";
			developmentRegion = English;
			hasScannedForEncodings = 0;
			knownRegions = (
				en,
				Base,
			);
			mainGroup = 54A5A9681DA3A3100043D05A;
			productRefGroup = 54A5A9721DA3A3100043D05A /* Products */;
			projectDirPath = "";
			projectRoot = "";
			targets = (
				54A5A9701DA3A3100043D05A /* firstapp */,
				54A5A9841DA3A3110043D05A /* firstappTests */,
				54A5A98F1DA3A3110043D05A /* firstappUITests */,
			);
		};
/* End PBXProject section */

/* Begin PBXResourcesBuildPhase section */
		54A5A96F1DA3A3100043D05A /* Resources */ = {
			isa = PBXResourcesBuildPhase;
			buildActionMask = 2147483647;
			files = (
				54A5A97F1DA3A3110043D05A /* LaunchScreen.storyboard in Resources */,
				54A5A97C1DA3A3110043D05A /* Assets.xcassets in Resources */,
				54A5A97A1DA3A3100043D05A /* Main.storyboard in Resources */,
			);
			runOnlyForDeploymentPostprocessing = 0;
		};
		54A5A9831DA3A3110043D05A /* Resources */ = {
			isa = PBXResourcesBuildPhase;
			buildActionMask = 2147483647;
			files = (
			);
			runOnlyForDeploymentPostprocessing = 0;
		};
		54A5A98E1DA3A3110043D05A /* Resources */ = {
			isa = PBXResourcesBuildPhase;
			buildActionMask = 2147483647;
			files = (
			);
			runOnlyForDeploymentPostprocessing = 0;
		};
/* End PBXResourcesBuildPhase section */

/* Begin PBXSourcesBuildPhase section */
		54A5A96D1DA3A3100043D05A /* Sources */ = {
			isa = PBXSourcesBuildPhase;
			buildActionMask = 2147483647;
			files = (
				54A5A9771DA3A3100043D05A /* ViewController.swift in Sources */,
				54A5A9751DA3A3100043D05A /* AppDelegate.swift in Sources */,
			);
			runOnlyForDeploymentPostprocessing = 0;
		};
		54A5A9811DA3A3110043D05A /* Sources */ = {
			isa = PBXSourcesBuildPhase;
			buildActionMask = 2147483647;
			files = (
				54A5A98A1DA3A3110043D05A /* firstappTests.swift in Sources */,
			);
			runOnlyForDeploymentPostprocessing = 0;
		};
		54A5A98C1DA3A3110043D05A /* Sources */ = {
			isa = PBXSourcesBuildPhase;
			buildActionMask = 2147483647;
			files = (
				54A5A9951DA3A3110043D05A /* firstappUITests.swift in Sources */,
			);
			runOnlyForDeploymentPostprocessing = 0;
		};
/* End PBXSourcesBuildPhase section */

/* Begin PBXTargetDependency section */
		54A5A9871DA3A3110043D05A /* PBXTargetDependency */ = {
			isa = PBXTargetDependency;
			target = 54A5A9701DA3A3100043D05A /* firstapp */;
			targetProxy = 54A5A9861DA3A3110043D05A /* PBXContainerItemProxy */;
		};
		54A5A9921DA3A3110043D05A /* PBXTargetDependency */ = {
			isa = PBXTargetDependency;
			target = 54A5A9701DA3A3100043D05A /* firstapp */;
			targetProxy = 54A5A9911DA3A3110043D05A /* PBXContainerItemProxy */;
		};
/* End PBXTargetDependency section */

/* Begin PBXVariantGroup section */
		54A5A9781DA3A3100043D05A /* Main.storyboard */ = {
			isa = PBXVariantGroup;
			children = (
				54A5A9791DA3A3100043D05A /* Base */,
			);
			name = Main.storyboard;
			sourceTree = "<group>";
		};
		54A5A97D1DA3A3110043D05A /* LaunchScreen.storyboard */ = {
			isa = PBXVariantGroup;
			children = (
				54A5A97E1DA3A3110043D05A /* Base */,
			);
			name = LaunchScreen.storyboard;
			sourceTree = "<group>";
		};
/* End PBXVariantGroup section */

/* Begin XCBuildConfiguration section */
		54A5A9971DA3A3110043D05A /* Debug */ = {
			isa = XCBuildConfiguration;
			buildSettings = {
				ALWAYS_SEARCH_USER_PATHS = NO;
				CLANG_ANALYZER_NONNULL = YES;
				CLANG_CXX_LANGUAGE_STANDARD = "gnu++0x";
				CLANG_CXX_LIBRARY = "libc++";
				CLANG_ENABLE_MODULES = YES;
				CLANG_ENABLE_OBJC_ARC = YES;
				CLANG_WARN_BOOL_CONVERSION = YES;
				CLANG_WARN_CONSTANT_CONVERSION = YES;
				CLANG_WARN_DIRECT_OBJC_ISA_USAGE = YES_ERROR;
				CLANG_WARN_EMPTY_BODY = YES;
				CLANG_WARN_ENUM_CONVERSION = YES;
				CLANG_WARN_INT_CONVERSION = YES;
				CLANG_WARN_OBJC_ROOT_CLASS = YES_ERROR;
				CLANG_WARN_UNREACHABLE_CODE = YES;
				CLANG_WARN__DUPLICATE_METHOD_MATCH = YES;
				"CODE_SIGN_IDENTITY[sdk=iphoneos*]" = "iPhone Developer";
				COPY_PHASE_STRIP = NO;
				DEBUG_INFORMATION_FORMAT = dwarf;
				ENABLE_STRICT_OBJC_MSGSEND = YES;
				ENABLE_TESTABILITY = YES;
				GCC_C_LANGUAGE_STANDARD = gnu99;
				GCC_DYNAMIC_NO_PIC = NO;
				GCC_NO_COMMON_BLOCKS = YES;
				GCC_OPTIMIZATION_LEVEL = 0;
				GCC_PREPROCESSOR_DEFINITIONS = (
					"DEBUG=1",
					"$(inherited)",
				);
				GCC_WARN_64_TO_32_BIT_CONVERSION = YES;
				GCC_WARN_ABOUT_RETURN_TYPE = YES_ERROR;
				GCC_WARN_UNDECLARED_SELECTOR = YES;
				GCC_WARN_UNINITIALIZED_AUTOS = YES_AGGRESSIVE;
				GCC_WARN_UNUSED_FUNCTION = YES;
				GCC_WARN_UNUSED_VARIABLE = YES;
				IPHONEOS_DEPLOYMENT_TARGET = 9.3;
				MTL_ENABLE_DEBUG_INFO = YES;
				ONLY_ACTIVE_ARCH = YES;
				SDKROOT = iphoneos;
				SWIFT_OPTIMIZATION_LEVEL = "-Onone";
				TARGETED_DEVICE_FAMILY = "1,2";
			};
			name = Debug;
		};
		54A5A9981DA3A3110043D05A /* Release */ = {
			isa = XCBuildConfiguration;
			buildSettings = {
				ALWAYS_SEARCH_USER_PATHS = NO;
				CLANG_ANALYZER_NONNULL = YES;
				CLANG_CXX_LANGUAGE_STANDARD = "gnu++0x";
				CLANG_CXX_LIBRARY = "libc++";
				CLANG_ENABLE_MODULES = YES;
				CLANG_ENABLE_OBJC_ARC = YES;
				CLANG_WARN_BOOL_CONVERSION = YES;
				CLANG_WARN_CONSTANT_CONVERSION = YES;
				CLANG_WARN_DIRECT_OBJC_ISA_USAGE = YES_ERROR;
				CLANG_WARN_EMPTY_BODY = YES;
				CLANG_WARN_ENUM_CONVERSION = YES;
				CLANG_WARN_INT_CONVERSION = YES;
				CLANG_WARN_OBJC_ROOT_CLASS = YES_ERROR;
				CLANG_WARN_UNREACHABLE_CODE = YES;
				CLANG_WARN__DUPLICATE_METHOD_MATCH = YES;
				"CODE_SIGN_IDENTITY[sdk=iphoneos*]" = "iPhone Developer";
				COPY_PHASE_STRIP = NO;
				DEBUG_INFORMATION_FORMAT = "dwarf-with-dsym";
				ENABLE_NS_ASSERTIONS = NO;
				ENABLE_STRICT_OBJC_MSGSEND = YES;
				GCC_C_LANGUAGE_STANDARD = gnu99;
				GCC_NO_COMMON_BLOCKS = YES;
				GCC_WARN_64_TO_32_BIT_CONVERSION = YES;
				GCC_WARN_ABOUT_RETURN_TYPE = YES_ERROR;
				GCC_WARN_UNDECLARED_SELECTOR = YES;
				GCC_WARN_UNINITIALIZED_AUTOS = YES_AGGRESSIVE;
				GCC_WARN_UNUSED_FUNCTION = YES;
				GCC_WARN_UNUSED_VARIABLE = YES;
				IPHONEOS_DEPLOYMENT_TARGET = 9.3;
				MTL_ENABLE_DEBUG_INFO = NO;
				SDKROOT = iphoneos;
				TARGETED_DEVICE_FAMILY = "1,2";
				VALIDATE_PRODUCT = YES;
			};
			name = Release;
		};
		54A5A99A1DA3A3110043D05A /* Debug */ = {
			isa = XCBuildConfiguration;
			buildSettings = {
				ASSETCATALOG_COMPILER_APPICON_NAME = AppIcon;
				INFOPLIST_FILE = firstapp/Info.plist;
				LD_RUNPATH_SEARCH_PATHS = "$(inherited) @executable_path/Frameworks";
				PRODUCT_BUNDLE_IDENTIFIER = pipinosuke18.firstapp;
				PRODUCT_NAME = "$(TARGET_NAME)";
			};
			name = Debug;
		};
		54A5A99B1DA3A3110043D05A /* Release */ = {
			isa = XCBuildConfiguration;
			buildSettings = {
				ASSETCATALOG_COMPILER_APPICON_NAME = AppIcon;
				INFOPLIST_FILE = firstapp/Info.plist;
				LD_RUNPATH_SEARCH_PATHS = "$(inherited) @executable_path/Frameworks";
				PRODUCT_BUNDLE_IDENTIFIER = pipinosuke18.firstapp;
				PRODUCT_NAME = "$(TARGET_NAME)";
			};
			name = Release;
		};
		54A5A99D1DA3A3110043D05A /* Debug */ = {
			isa = XCBuildConfiguration;
			buildSettings = {
				BUNDLE_LOADER = "$(TEST_HOST)";
				INFOPLIST_FILE = firstappTests/Info.plist;
				LD_RUNPATH_SEARCH_PATHS = "$(inherited) @executable_path/Frameworks @loader_path/Frameworks";
				PRODUCT_BUNDLE_IDENTIFIER = pipinosuke18.firstappTests;
				PRODUCT_NAME = "$(TARGET_NAME)";
				TEST_HOST = "$(BUILT_PRODUCTS_DIR)/firstapp.app/firstapp";
			};
			name = Debug;
		};
		54A5A99E1DA3A3110043D05A /* Release */ = {
			isa = XCBuildConfiguration;
			buildSettings = {
				BUNDLE_LOADER = "$(TEST_HOST)";
				INFOPLIST_FILE = firstappTests/Info.plist;
				LD_RUNPATH_SEARCH_PATHS = "$(inherited) @executable_path/Frameworks @loader_path/Frameworks";
				PRODUCT_BUNDLE_IDENTIFIER = pipinosuke18.firstappTests;
				PRODUCT_NAME = "$(TARGET_NAME)";
				TEST_HOST = "$(BUILT_PRODUCTS_DIR)/firstapp.app/firstapp";
			};
			name = Release;
		};
		54A5A9A01DA3A3110043D05A /* Debug */ = {
			isa = XCBuildConfiguration;
			buildSettings = {
				INFOPLIST_FILE = firstappUITests/Info.plist;
				LD_RUNPATH_SEARCH_PATHS = "$(inherited) @executable_path/Frameworks @loader_path/Frameworks";
				PRODUCT_BUNDLE_IDENTIFIER = pipinosuke18.firstappUITests;
				PRODUCT_NAME = "$(TARGET_NAME)";
				TEST_TARGET_NAME = firstapp;
			};
			name = Debug;
		};
		54A5A9A11DA3A3110043D05A /* Release */ = {
			isa = XCBuildConfiguration;
			buildSettings = {
				INFOPLIST_FILE = firstappUITests/Info.plist;
				LD_RUNPATH_SEARCH_PATHS = "$(inherited) @executable_path/Frameworks @loader_path/Frameworks";
				PRODUCT_BUNDLE_IDENTIFIER = pipinosuke18.firstappUITests;
				PRODUCT_NAME = "$(TARGET_NAME)";
				TEST_TARGET_NAME = firstapp;
			};
			name = Release;
		};
/* End XCBuildConfiguration section */

/* Begin XCConfigurationList section */
		54A5A96C1DA3A3100043D05A /* Build configuration list for PBXProject "firstapp" */ = {
			isa = XCConfigurationList;
			buildConfigurations = (
				54A5A9971DA3A3110043D05A /* Debug */,
				54A5A9981DA3A3110043D05A /* Release */,
			);
			defaultConfigurationIsVisible = 0;
			defaultConfigurationName = Release;
		};
		54A5A9991DA3A3110043D05A /* Build configuration list for PBXNativeTarget "firstapp" */ = {
			isa = XCConfigurationList;
			buildConfigurations = (
				54A5A99A1DA3A3110043D05A /* Debug */,
				54A5A99B1DA3A3110043D05A /* Release */,
			);
			defaultConfigurationIsVisible = 0;
		};
		54A5A99C1DA3A3110043D05A /* Build configuration list for PBXNativeTarget "firstappTests" */ = {
			isa = XCConfigurationList;
			buildConfigurations = (
				54A5A99D1DA3A3110043D05A /* Debug */,
				54A5A99E1DA3A3110043D05A /* Release */,
			);
			defaultConfigurationIsVisible = 0;
		};
		54A5A99F1DA3A3110043D05A /* Build configuration list for PBXNativeTarget "firstappUITests" */ = {
			isa = XCConfigurationList;
			buildConfigurations = (
				54A5A9A01DA3A3110043D05A /* Debug */,
				54A5A9A11DA3A3110043D05A /* Release */,
			);
			defaultConfigurationIsVisible = 0;
		};
/* End XCConfigurationList section */
	};
	rootObject = 54A5A9691DA3A3100043D05A /* Project object */;
}
